// !$*UTF8*$!
{
	archiveVersion = 1;
	classes = {
	};
	objectVersion = 50;
	objects = {

/* Begin PBXBuildFile section */
		5A11BE4624ADCD3400EC499E /* ColumnsSuccessStub.swift in Sources */ = {isa = PBXBuildFile; fileRef = 5A11BE4524ADCD3400EC499E /* ColumnsSuccessStub.swift */; };
		5A11BE4824ADCD5300EC499E /* CardDeleteSuccessStub.swift in Sources */ = {isa = PBXBuildFile; fileRef = 5A11BE4724ADCD5300EC499E /* CardDeleteSuccessStub.swift */; };
		5A11BE4A24ADCD6E00EC499E /* CardCreateSuccessStub.swift in Sources */ = {isa = PBXBuildFile; fileRef = 5A11BE4924ADCD6E00EC499E /* CardCreateSuccessStub.swift */; };
		5A11BE4C24ADCD8A00EC499E /* CardEditSuccessStub.swift in Sources */ = {isa = PBXBuildFile; fileRef = 5A11BE4B24ADCD8A00EC499E /* CardEditSuccessStub.swift */; };
		5A11BE4E24ADCD9D00EC499E /* CardMoveSameColumnsSuccessStub.swift in Sources */ = {isa = PBXBuildFile; fileRef = 5A11BE4D24ADCD9D00EC499E /* CardMoveSameColumnsSuccessStub.swift */; };
		5A11BE5024ADCDB400EC499E /* CardMoveDifferentColumnsSuccessStub.swift in Sources */ = {isa = PBXBuildFile; fileRef = 5A11BE4F24ADCDB400EC499E /* CardMoveDifferentColumnsSuccessStub.swift */; };
		5A11BE5224ADCDC700EC499E /* LogsSuccessStub.swift in Sources */ = {isa = PBXBuildFile; fileRef = 5A11BE5124ADCDC700EC499E /* LogsSuccessStub.swift */; };
		5A11BE5424ADCDF200EC499E /* LogSuccessStub.swift in Sources */ = {isa = PBXBuildFile; fileRef = 5A11BE5324ADCDF200EC499E /* LogSuccessStub.swift */; };
		5A11BE5624ADCE0800EC499E /* LoginSuccessStub.swift in Sources */ = {isa = PBXBuildFile; fileRef = 5A11BE5524ADCE0800EC499E /* LoginSuccessStub.swift */; };
		5A11BE5924ADD06B00EC499E /* SuccessLoginResponseData.json in Resources */ = {isa = PBXBuildFile; fileRef = 5A11BE5824ADD06B00EC499E /* SuccessLoginResponseData.json */; };
		5A11BE5B24ADD0AB00EC499E /* SuccessColumnsResponseData.json in Resources */ = {isa = PBXBuildFile; fileRef = 5A11BE5A24ADD0AB00EC499E /* SuccessColumnsResponseData.json */; };
		5A11BE5D24ADD0E800EC499E /* SuccessCreateResponseData.json in Resources */ = {isa = PBXBuildFile; fileRef = 5A11BE5C24ADD0E800EC499E /* SuccessCreateResponseData.json */; };
		5A11BE5F24ADD15300EC499E /* SuccessEditingResponseData.json in Resources */ = {isa = PBXBuildFile; fileRef = 5A11BE5E24ADD15300EC499E /* SuccessEditingResponseData.json */; };
		5A11BE6124ADD17900EC499E /* SuccessDeleteResponseData.json in Resources */ = {isa = PBXBuildFile; fileRef = 5A11BE6024ADD17900EC499E /* SuccessDeleteResponseData.json */; };
		5A11BE6324ADD1AB00EC499E /* SuccessMoveSameColumnsResponseData.json in Resources */ = {isa = PBXBuildFile; fileRef = 5A11BE6224ADD1AB00EC499E /* SuccessMoveSameColumnsResponseData.json */; };
		5A11BE6524ADD1C500EC499E /* SuccessMoveDifferentColumnsResponseData.json in Resources */ = {isa = PBXBuildFile; fileRef = 5A11BE6424ADD1C500EC499E /* SuccessMoveDifferentColumnsResponseData.json */; };
		5A11BE6724ADD1E500EC499E /* SuccessLogsResponseData.json in Resources */ = {isa = PBXBuildFile; fileRef = 5A11BE6624ADD1E500EC499E /* SuccessLogsResponseData.json */; };
		5A11BE6924ADD20700EC499E /* SuccessLogResponseData.json in Resources */ = {isa = PBXBuildFile; fileRef = 5A11BE6824ADD20700EC499E /* SuccessLogResponseData.json */; };
		5A11BE6B24ADD27700EC499E /* DataExtensions.swift in Sources */ = {isa = PBXBuildFile; fileRef = 5A11BE6A24ADD27700EC499E /* DataExtensions.swift */; };
		5A7937F1243ED9FC00D59611 /* Columns.swift in Sources */ = {isa = PBXBuildFile; fileRef = 5A7937F0243ED9FC00D59611 /* Columns.swift */; };
		5A7937F6243F194A00D59611 /* DeleteUseCase.swift in Sources */ = {isa = PBXBuildFile; fileRef = 5A7937F5243F194A00D59611 /* DeleteUseCase.swift */; };
		5A7937F8243F1AFA00D59611 /* CardResponse.swift in Sources */ = {isa = PBXBuildFile; fileRef = 5A7937F7243F1AFA00D59611 /* CardResponse.swift */; };
		5A7937FA243F1B1200D59611 /* Status.swift in Sources */ = {isa = PBXBuildFile; fileRef = 5A7937F9243F1B1200D59611 /* Status.swift */; };
		5A7937FE2440150700D59611 /* CardViewController.swift in Sources */ = {isa = PBXBuildFile; fileRef = 5A7937FD2440150700D59611 /* CardViewController.swift */; };
		5A7938002441319F00D59611 /* NewCardViewModelUseCase.swift in Sources */ = {isa = PBXBuildFile; fileRef = 5A7937FF2441319F00D59611 /* NewCardViewModelUseCase.swift */; };
		5A79380724419F5600D59611 /* FormatImageView.swift in Sources */ = {isa = PBXBuildFile; fileRef = 5A79380624419F5600D59611 /* FormatImageView.swift */; };
		5A79380924419F9400D59611 /* CancelButton.swift in Sources */ = {isa = PBXBuildFile; fileRef = 5A79380824419F9400D59611 /* CancelButton.swift */; };
		5A79380B2441A02600D59611 /* TitleField.swift in Sources */ = {isa = PBXBuildFile; fileRef = 5A79380A2441A02600D59611 /* TitleField.swift */; };
		5A79380D2441A05100D59611 /* ContentView.swift in Sources */ = {isa = PBXBuildFile; fileRef = 5A79380C2441A05100D59611 /* ContentView.swift */; };
		5A79380F2441A08E00D59611 /* ColumnStackView.swift in Sources */ = {isa = PBXBuildFile; fileRef = 5A79380E2441A08E00D59611 /* ColumnStackView.swift */; };
		5A7938132441ADBA00D59611 /* CreateButton.swift in Sources */ = {isa = PBXBuildFile; fileRef = 5A7938122441ADBA00D59611 /* CreateButton.swift */; };
		5A7938202441B60D00D59611 /* ContentViewDelegate.swift in Sources */ = {isa = PBXBuildFile; fileRef = 5A79381F2441B60D00D59611 /* ContentViewDelegate.swift */; };
		5A7938222441B84200D59611 /* TitleFieldDelegate.swift in Sources */ = {isa = PBXBuildFile; fileRef = 5A7938212441B84200D59611 /* TitleFieldDelegate.swift */; };
		5A7938252441BBAA00D59611 /* Controller.swift in Sources */ = {isa = PBXBuildFile; fileRef = 5A7938242441BBAA00D59611 /* Controller.swift */; };
		5A7A55B6244701A10041FC55 /* DragObject.swift in Sources */ = {isa = PBXBuildFile; fileRef = 5A7A55B5244701A10041FC55 /* DragObject.swift */; };
		5A7A55B82447246A0041FC55 /* LogsResponse.swift in Sources */ = {isa = PBXBuildFile; fileRef = 5A7A55B72447246A0041FC55 /* LogsResponse.swift */; };
		5A7A55BA244731940041FC55 /* LoginUseCase.swift in Sources */ = {isa = PBXBuildFile; fileRef = 5A7A55B9244731930041FC55 /* LoginUseCase.swift */; };
		5A7A55BC244732E30041FC55 /* LoginResponse.swift in Sources */ = {isa = PBXBuildFile; fileRef = 5A7A55BB244732E30041FC55 /* LoginResponse.swift */; };
		5A7CEB152448137800B2CFC7 /* LogsUseCase.swift in Sources */ = {isa = PBXBuildFile; fileRef = 5A7CEB142448137800B2CFC7 /* LogsUseCase.swift */; };
		5A7CEB1A2448206C00B2CFC7 /* LogViewModel.swift in Sources */ = {isa = PBXBuildFile; fileRef = 5A7CEB192448206C00B2CFC7 /* LogViewModel.swift */; };
		5A7CEB1F24483AAB00B2CFC7 /* LogCell.swift in Sources */ = {isa = PBXBuildFile; fileRef = 5A7CEB1E24483AAB00B2CFC7 /* LogCell.swift */; };
		5A7CEB2124483CFB00B2CFC7 /* Notification.swift in Sources */ = {isa = PBXBuildFile; fileRef = 5A7CEB2024483CFA00B2CFC7 /* Notification.swift */; };
		5A7CEB232449307600B2CFC7 /* LogID.swift in Sources */ = {isa = PBXBuildFile; fileRef = 5A7CEB222449307600B2CFC7 /* LogID.swift */; };
		5A7CEB252449352700B2CFC7 /* LogUseCase.swift in Sources */ = {isa = PBXBuildFile; fileRef = 5A7CEB242449352700B2CFC7 /* LogUseCase.swift */; };
		5A7CEB272449371300B2CFC7 /* LogResponse.swift in Sources */ = {isa = PBXBuildFile; fileRef = 5A7CEB262449371300B2CFC7 /* LogResponse.swift */; };
		5A7CEB2924493D4B00B2CFC7 /* LogViewModels.swift in Sources */ = {isa = PBXBuildFile; fileRef = 5A7CEB2824493D4B00B2CFC7 /* LogViewModels.swift */; };
		5A7CEB2D2449559E00B2CFC7 /* MoveResponse.swift in Sources */ = {isa = PBXBuildFile; fileRef = 5A7CEB2C2449559E00B2CFC7 /* MoveResponse.swift */; };
		5A7CEB2F244956D300B2CFC7 /* MoveUseCase.swift in Sources */ = {isa = PBXBuildFile; fileRef = 5A7CEB2E244956D300B2CFC7 /* MoveUseCase.swift */; };
		5A7CEB3124497C5900B2CFC7 /* ColumnUseCase.swift in Sources */ = {isa = PBXBuildFile; fileRef = 5A7CEB3024497C5900B2CFC7 /* ColumnUseCase.swift */; };
		5A7CEB3324497E4200B2CFC7 /* NewColumnViewController.swift in Sources */ = {isa = PBXBuildFile; fileRef = 5A7CEB3224497E4200B2CFC7 /* NewColumnViewController.swift */; };
		5A838E4E243D66620081A42F /* NetworkManager.swift in Sources */ = {isa = PBXBuildFile; fileRef = 5A838E4D243D66620081A42F /* NetworkManager.swift */; };
		5A838E51243D9D0A0081A42F /* ColumnsUseCase.swift in Sources */ = {isa = PBXBuildFile; fileRef = 5A838E50243D9D0A0081A42F /* ColumnsUseCase.swift */; };
		5A838E54243DB4110081A42F /* ColumnsResponse.swift in Sources */ = {isa = PBXBuildFile; fileRef = 5A838E53243DB4110081A42F /* ColumnsResponse.swift */; };
		5A838E5C243DEBAE0081A42F /* TitleViewModel.swift in Sources */ = {isa = PBXBuildFile; fileRef = 5A838E5B243DEBAE0081A42F /* TitleViewModel.swift */; };
		5A838E5E243DF0470081A42F /* TitleModel.swift in Sources */ = {isa = PBXBuildFile; fileRef = 5A838E5D243DF0470081A42F /* TitleModel.swift */; };
		5A838E62243DFD0E0081A42F /* CardViewModel.swift in Sources */ = {isa = PBXBuildFile; fileRef = 5A838E61243DFD0E0081A42F /* CardViewModel.swift */; };
		5A838E64243DFD530081A42F /* ViewModelBinding.swift in Sources */ = {isa = PBXBuildFile; fileRef = 5A838E63243DFD530081A42F /* ViewModelBinding.swift */; };
		5A874634243C1D4E00FD1751 /* ColumnTable.swift in Sources */ = {isa = PBXBuildFile; fileRef = 5A874633243C1D4E00FD1751 /* ColumnTable.swift */; };
		5A87463C243C1F2900FD1751 /* CardCell.swift in Sources */ = {isa = PBXBuildFile; fileRef = 5A87463B243C1F2900FD1751 /* CardCell.swift */; };
		5A87463F243C2C8C00FD1751 /* ColumnTableDataSource.swift in Sources */ = {isa = PBXBuildFile; fileRef = 5A87463E243C2C8C00FD1751 /* ColumnTableDataSource.swift */; };
		5A874641243C2D3300FD1751 /* ReusableView.swift in Sources */ = {isa = PBXBuildFile; fileRef = 5A874640243C2D3300FD1751 /* ReusableView.swift */; };
		5A874648243CAB5500FD1751 /* ColumnScrollView.swift in Sources */ = {isa = PBXBuildFile; fileRef = 5A874647243CAB5500FD1751 /* ColumnScrollView.swift */; };
		5AB8D552243B40FF00387EAE /* AppDelegate.swift in Sources */ = {isa = PBXBuildFile; fileRef = 5AB8D551243B40FF00387EAE /* AppDelegate.swift */; };
		5AB8D554243B40FF00387EAE /* SceneDelegate.swift in Sources */ = {isa = PBXBuildFile; fileRef = 5AB8D553243B40FF00387EAE /* SceneDelegate.swift */; };
		5AB8D556243B40FF00387EAE /* MainViewController.swift in Sources */ = {isa = PBXBuildFile; fileRef = 5AB8D555243B40FF00387EAE /* MainViewController.swift */; };
		5AB8D559243B40FF00387EAE /* Main.storyboard in Resources */ = {isa = PBXBuildFile; fileRef = 5AB8D557243B40FF00387EAE /* Main.storyboard */; };
		5AB8D55B243B410200387EAE /* Assets.xcassets in Resources */ = {isa = PBXBuildFile; fileRef = 5AB8D55A243B410200387EAE /* Assets.xcassets */; };
		5AB8D55E243B410200387EAE /* LaunchScreen.storyboard in Resources */ = {isa = PBXBuildFile; fileRef = 5AB8D55C243B410200387EAE /* LaunchScreen.storyboard */; };
		5AB8D569243B410200387EAE /* TodoTests.swift in Sources */ = {isa = PBXBuildFile; fileRef = 5AB8D568243B410200387EAE /* TodoTests.swift */; };
		5AB8D574243B410200387EAE /* TodoUITests.swift in Sources */ = {isa = PBXBuildFile; fileRef = 5AB8D573243B410200387EAE /* TodoUITests.swift */; };
		5AB8D585243B4FC700387EAE /* ColumnViewController.swift in Sources */ = {isa = PBXBuildFile; fileRef = 5AB8D584243B4FC700387EAE /* ColumnViewController.swift */; };
		5AB8D587243B54B600387EAE /* AcitivitiyLogViewController.swift in Sources */ = {isa = PBXBuildFile; fileRef = 5AB8D586243B54B600387EAE /* AcitivitiyLogViewController.swift */; };
		5AB8D58D243B5CDC00387EAE /* TitleView.swift in Sources */ = {isa = PBXBuildFile; fileRef = 5AB8D58C243B5CDC00387EAE /* TitleView.swift */; };
		5ACD2EC524441BB6002DD295 /* EditedCardViewModelUseCase.swift in Sources */ = {isa = PBXBuildFile; fileRef = 5ACD2EC424441BB6002DD295 /* EditedCardViewModelUseCase.swift */; };
		5ADF26B924459E7B008C15CA /* NewCard.swift in Sources */ = {isa = PBXBuildFile; fileRef = 5ADF26B824459E7B008C15CA /* NewCard.swift */; };
		5ADF26BB2445DF5B008C15CA /* EndPointFactory.swift in Sources */ = {isa = PBXBuildFile; fileRef = 5ADF26BA2445DF5B008C15CA /* EndPointFactory.swift */; };
		5ADF26BD2445ED02008C15CA /* NewCardViewController.swift in Sources */ = {isa = PBXBuildFile; fileRef = 5ADF26BC2445ED02008C15CA /* NewCardViewController.swift */; };
		5ADF26BF2445ED11008C15CA /* EditingCardViewController.swift in Sources */ = {isa = PBXBuildFile; fileRef = 5ADF26BE2445ED11008C15CA /* EditingCardViewController.swift */; };
/* End PBXBuildFile section */

/* Begin PBXContainerItemProxy section */
		5AB8D565243B410200387EAE /* PBXContainerItemProxy */ = {
			isa = PBXContainerItemProxy;
			containerPortal = 5AB8D546243B40FF00387EAE /* Project object */;
			proxyType = 1;
			remoteGlobalIDString = 5AB8D54D243B40FF00387EAE;
			remoteInfo = Todo;
		};
		5AB8D570243B410200387EAE /* PBXContainerItemProxy */ = {
			isa = PBXContainerItemProxy;
			containerPortal = 5AB8D546243B40FF00387EAE /* Project object */;
			proxyType = 1;
			remoteGlobalIDString = 5AB8D54D243B40FF00387EAE;
			remoteInfo = Todo;
		};
/* End PBXContainerItemProxy section */

/* Begin PBXFileReference section */
		5A11BE4524ADCD3400EC499E /* ColumnsSuccessStub.swift */ = {isa = PBXFileReference; lastKnownFileType = sourcecode.swift; path = ColumnsSuccessStub.swift; sourceTree = "<group>"; };
		5A11BE4724ADCD5300EC499E /* CardDeleteSuccessStub.swift */ = {isa = PBXFileReference; lastKnownFileType = sourcecode.swift; path = CardDeleteSuccessStub.swift; sourceTree = "<group>"; };
		5A11BE4924ADCD6E00EC499E /* CardCreateSuccessStub.swift */ = {isa = PBXFileReference; lastKnownFileType = sourcecode.swift; path = CardCreateSuccessStub.swift; sourceTree = "<group>"; };
		5A11BE4B24ADCD8A00EC499E /* CardEditSuccessStub.swift */ = {isa = PBXFileReference; lastKnownFileType = sourcecode.swift; path = CardEditSuccessStub.swift; sourceTree = "<group>"; };
		5A11BE4D24ADCD9D00EC499E /* CardMoveSameColumnsSuccessStub.swift */ = {isa = PBXFileReference; lastKnownFileType = sourcecode.swift; path = CardMoveSameColumnsSuccessStub.swift; sourceTree = "<group>"; };
		5A11BE4F24ADCDB400EC499E /* CardMoveDifferentColumnsSuccessStub.swift */ = {isa = PBXFileReference; lastKnownFileType = sourcecode.swift; path = CardMoveDifferentColumnsSuccessStub.swift; sourceTree = "<group>"; };
		5A11BE5124ADCDC700EC499E /* LogsSuccessStub.swift */ = {isa = PBXFileReference; lastKnownFileType = sourcecode.swift; path = LogsSuccessStub.swift; sourceTree = "<group>"; };
		5A11BE5324ADCDF200EC499E /* LogSuccessStub.swift */ = {isa = PBXFileReference; lastKnownFileType = sourcecode.swift; path = LogSuccessStub.swift; sourceTree = "<group>"; };
		5A11BE5524ADCE0800EC499E /* LoginSuccessStub.swift */ = {isa = PBXFileReference; lastKnownFileType = sourcecode.swift; path = LoginSuccessStub.swift; sourceTree = "<group>"; };
		5A11BE5824ADD06B00EC499E /* SuccessLoginResponseData.json */ = {isa = PBXFileReference; lastKnownFileType = text.json; path = SuccessLoginResponseData.json; sourceTree = "<group>"; };
		5A11BE5A24ADD0AB00EC499E /* SuccessColumnsResponseData.json */ = {isa = PBXFileReference; lastKnownFileType = text.json; path = SuccessColumnsResponseData.json; sourceTree = "<group>"; };
		5A11BE5C24ADD0E800EC499E /* SuccessCreateResponseData.json */ = {isa = PBXFileReference; lastKnownFileType = text.json; path = SuccessCreateResponseData.json; sourceTree = "<group>"; };
		5A11BE5E24ADD15300EC499E /* SuccessEditingResponseData.json */ = {isa = PBXFileReference; lastKnownFileType = text.json; path = SuccessEditingResponseData.json; sourceTree = "<group>"; };
		5A11BE6024ADD17900EC499E /* SuccessDeleteResponseData.json */ = {isa = PBXFileReference; lastKnownFileType = text.json; path = SuccessDeleteResponseData.json; sourceTree = "<group>"; };
		5A11BE6224ADD1AB00EC499E /* SuccessMoveSameColumnsResponseData.json */ = {isa = PBXFileReference; lastKnownFileType = text.json; path = SuccessMoveSameColumnsResponseData.json; sourceTree = "<group>"; };
		5A11BE6424ADD1C500EC499E /* SuccessMoveDifferentColumnsResponseData.json */ = {isa = PBXFileReference; lastKnownFileType = text.json; path = SuccessMoveDifferentColumnsResponseData.json; sourceTree = "<group>"; };
		5A11BE6624ADD1E500EC499E /* SuccessLogsResponseData.json */ = {isa = PBXFileReference; lastKnownFileType = text.json; path = SuccessLogsResponseData.json; sourceTree = "<group>"; };
		5A11BE6824ADD20700EC499E /* SuccessLogResponseData.json */ = {isa = PBXFileReference; lastKnownFileType = text.json; path = SuccessLogResponseData.json; sourceTree = "<group>"; };
		5A11BE6A24ADD27700EC499E /* DataExtensions.swift */ = {isa = PBXFileReference; lastKnownFileType = sourcecode.swift; path = DataExtensions.swift; sourceTree = "<group>"; };
		5A7937F0243ED9FC00D59611 /* Columns.swift */ = {isa = PBXFileReference; lastKnownFileType = sourcecode.swift; path = Columns.swift; sourceTree = "<group>"; };
		5A7937F5243F194A00D59611 /* DeleteUseCase.swift */ = {isa = PBXFileReference; lastKnownFileType = sourcecode.swift; path = DeleteUseCase.swift; sourceTree = "<group>"; };
		5A7937F7243F1AFA00D59611 /* CardResponse.swift */ = {isa = PBXFileReference; lastKnownFileType = sourcecode.swift; path = CardResponse.swift; sourceTree = "<group>"; };
		5A7937F9243F1B1200D59611 /* Status.swift */ = {isa = PBXFileReference; lastKnownFileType = sourcecode.swift; path = Status.swift; sourceTree = "<group>"; };
		5A7937FD2440150700D59611 /* CardViewController.swift */ = {isa = PBXFileReference; lastKnownFileType = sourcecode.swift; path = CardViewController.swift; sourceTree = "<group>"; };
		5A7937FF2441319F00D59611 /* NewCardViewModelUseCase.swift */ = {isa = PBXFileReference; lastKnownFileType = sourcecode.swift; path = NewCardViewModelUseCase.swift; sourceTree = "<group>"; };
		5A79380624419F5600D59611 /* FormatImageView.swift */ = {isa = PBXFileReference; lastKnownFileType = sourcecode.swift; path = FormatImageView.swift; sourceTree = "<group>"; };
		5A79380824419F9400D59611 /* CancelButton.swift */ = {isa = PBXFileReference; lastKnownFileType = sourcecode.swift; path = CancelButton.swift; sourceTree = "<group>"; };
		5A79380A2441A02600D59611 /* TitleField.swift */ = {isa = PBXFileReference; lastKnownFileType = sourcecode.swift; path = TitleField.swift; sourceTree = "<group>"; };
		5A79380C2441A05100D59611 /* ContentView.swift */ = {isa = PBXFileReference; lastKnownFileType = sourcecode.swift; path = ContentView.swift; sourceTree = "<group>"; };
		5A79380E2441A08E00D59611 /* ColumnStackView.swift */ = {isa = PBXFileReference; lastKnownFileType = sourcecode.swift; path = ColumnStackView.swift; sourceTree = "<group>"; };
		5A7938122441ADBA00D59611 /* CreateButton.swift */ = {isa = PBXFileReference; lastKnownFileType = sourcecode.swift; path = CreateButton.swift; sourceTree = "<group>"; };
		5A79381F2441B60D00D59611 /* ContentViewDelegate.swift */ = {isa = PBXFileReference; lastKnownFileType = sourcecode.swift; path = ContentViewDelegate.swift; sourceTree = "<group>"; };
		5A7938212441B84200D59611 /* TitleFieldDelegate.swift */ = {isa = PBXFileReference; lastKnownFileType = sourcecode.swift; path = TitleFieldDelegate.swift; sourceTree = "<group>"; };
		5A7938242441BBAA00D59611 /* Controller.swift */ = {isa = PBXFileReference; lastKnownFileType = sourcecode.swift; path = Controller.swift; sourceTree = "<group>"; };
		5A7A55B5244701A10041FC55 /* DragObject.swift */ = {isa = PBXFileReference; lastKnownFileType = sourcecode.swift; name = DragObject.swift; path = TodoTests/DragObject.swift; sourceTree = SOURCE_ROOT; };
		5A7A55B72447246A0041FC55 /* LogsResponse.swift */ = {isa = PBXFileReference; lastKnownFileType = sourcecode.swift; path = LogsResponse.swift; sourceTree = "<group>"; };
		5A7A55B9244731930041FC55 /* LoginUseCase.swift */ = {isa = PBXFileReference; lastKnownFileType = sourcecode.swift; path = LoginUseCase.swift; sourceTree = "<group>"; };
		5A7A55BB244732E30041FC55 /* LoginResponse.swift */ = {isa = PBXFileReference; lastKnownFileType = sourcecode.swift; path = LoginResponse.swift; sourceTree = "<group>"; };
		5A7CEB142448137800B2CFC7 /* LogsUseCase.swift */ = {isa = PBXFileReference; lastKnownFileType = sourcecode.swift; path = LogsUseCase.swift; sourceTree = "<group>"; };
		5A7CEB192448206C00B2CFC7 /* LogViewModel.swift */ = {isa = PBXFileReference; lastKnownFileType = sourcecode.swift; path = LogViewModel.swift; sourceTree = "<group>"; };
		5A7CEB1E24483AAB00B2CFC7 /* LogCell.swift */ = {isa = PBXFileReference; lastKnownFileType = sourcecode.swift; path = LogCell.swift; sourceTree = "<group>"; };
		5A7CEB2024483CFA00B2CFC7 /* Notification.swift */ = {isa = PBXFileReference; lastKnownFileType = sourcecode.swift; path = Notification.swift; sourceTree = "<group>"; };
		5A7CEB222449307600B2CFC7 /* LogID.swift */ = {isa = PBXFileReference; lastKnownFileType = sourcecode.swift; path = LogID.swift; sourceTree = "<group>"; };
		5A7CEB242449352700B2CFC7 /* LogUseCase.swift */ = {isa = PBXFileReference; lastKnownFileType = sourcecode.swift; path = LogUseCase.swift; sourceTree = "<group>"; };
		5A7CEB262449371300B2CFC7 /* LogResponse.swift */ = {isa = PBXFileReference; lastKnownFileType = sourcecode.swift; path = LogResponse.swift; sourceTree = "<group>"; };
		5A7CEB2824493D4B00B2CFC7 /* LogViewModels.swift */ = {isa = PBXFileReference; lastKnownFileType = sourcecode.swift; path = LogViewModels.swift; sourceTree = "<group>"; };
		5A7CEB2C2449559E00B2CFC7 /* MoveResponse.swift */ = {isa = PBXFileReference; lastKnownFileType = sourcecode.swift; path = MoveResponse.swift; sourceTree = "<group>"; };
		5A7CEB2E244956D300B2CFC7 /* MoveUseCase.swift */ = {isa = PBXFileReference; lastKnownFileType = sourcecode.swift; path = MoveUseCase.swift; sourceTree = "<group>"; };
		5A7CEB3024497C5900B2CFC7 /* ColumnUseCase.swift */ = {isa = PBXFileReference; lastKnownFileType = sourcecode.swift; path = ColumnUseCase.swift; sourceTree = "<group>"; };
		5A7CEB3224497E4200B2CFC7 /* NewColumnViewController.swift */ = {isa = PBXFileReference; lastKnownFileType = sourcecode.swift; path = NewColumnViewController.swift; sourceTree = "<group>"; };
		5A838E4D243D66620081A42F /* NetworkManager.swift */ = {isa = PBXFileReference; lastKnownFileType = sourcecode.swift; path = NetworkManager.swift; sourceTree = "<group>"; };
		5A838E50243D9D0A0081A42F /* ColumnsUseCase.swift */ = {isa = PBXFileReference; lastKnownFileType = sourcecode.swift; path = ColumnsUseCase.swift; sourceTree = "<group>"; };
		5A838E53243DB4110081A42F /* ColumnsResponse.swift */ = {isa = PBXFileReference; lastKnownFileType = sourcecode.swift; path = ColumnsResponse.swift; sourceTree = "<group>"; };
		5A838E5B243DEBAE0081A42F /* TitleViewModel.swift */ = {isa = PBXFileReference; lastKnownFileType = sourcecode.swift; path = TitleViewModel.swift; sourceTree = "<group>"; };
		5A838E5D243DF0470081A42F /* TitleModel.swift */ = {isa = PBXFileReference; lastKnownFileType = sourcecode.swift; path = TitleModel.swift; sourceTree = "<group>"; };
		5A838E61243DFD0E0081A42F /* CardViewModel.swift */ = {isa = PBXFileReference; lastKnownFileType = sourcecode.swift; path = CardViewModel.swift; sourceTree = "<group>"; };
		5A838E63243DFD530081A42F /* ViewModelBinding.swift */ = {isa = PBXFileReference; lastKnownFileType = sourcecode.swift; path = ViewModelBinding.swift; sourceTree = "<group>"; };
		5A874633243C1D4E00FD1751 /* ColumnTable.swift */ = {isa = PBXFileReference; lastKnownFileType = sourcecode.swift; path = ColumnTable.swift; sourceTree = "<group>"; };
		5A87463B243C1F2900FD1751 /* CardCell.swift */ = {isa = PBXFileReference; lastKnownFileType = sourcecode.swift; path = CardCell.swift; sourceTree = "<group>"; };
		5A87463E243C2C8C00FD1751 /* ColumnTableDataSource.swift */ = {isa = PBXFileReference; lastKnownFileType = sourcecode.swift; path = ColumnTableDataSource.swift; sourceTree = "<group>"; };
		5A874640243C2D3300FD1751 /* ReusableView.swift */ = {isa = PBXFileReference; lastKnownFileType = sourcecode.swift; path = ReusableView.swift; sourceTree = "<group>"; };
		5A874647243CAB5500FD1751 /* ColumnScrollView.swift */ = {isa = PBXFileReference; lastKnownFileType = sourcecode.swift; path = ColumnScrollView.swift; sourceTree = "<group>"; };
		5AB8D54E243B40FF00387EAE /* Todo.app */ = {isa = PBXFileReference; explicitFileType = wrapper.application; includeInIndex = 0; path = Todo.app; sourceTree = BUILT_PRODUCTS_DIR; };
		5AB8D551243B40FF00387EAE /* AppDelegate.swift */ = {isa = PBXFileReference; lastKnownFileType = sourcecode.swift; path = AppDelegate.swift; sourceTree = "<group>"; };
		5AB8D553243B40FF00387EAE /* SceneDelegate.swift */ = {isa = PBXFileReference; lastKnownFileType = sourcecode.swift; path = SceneDelegate.swift; sourceTree = "<group>"; };
		5AB8D555243B40FF00387EAE /* MainViewController.swift */ = {isa = PBXFileReference; lastKnownFileType = sourcecode.swift; path = MainViewController.swift; sourceTree = "<group>"; };
		5AB8D558243B40FF00387EAE /* Base */ = {isa = PBXFileReference; lastKnownFileType = file.storyboard; name = Base; path = Base.lproj/Main.storyboard; sourceTree = "<group>"; };
		5AB8D55A243B410200387EAE /* Assets.xcassets */ = {isa = PBXFileReference; lastKnownFileType = folder.assetcatalog; path = Assets.xcassets; sourceTree = "<group>"; };
		5AB8D55D243B410200387EAE /* Base */ = {isa = PBXFileReference; lastKnownFileType = file.storyboard; name = Base; path = Base.lproj/LaunchScreen.storyboard; sourceTree = "<group>"; };
		5AB8D55F243B410200387EAE /* Info.plist */ = {isa = PBXFileReference; lastKnownFileType = text.plist.xml; path = Info.plist; sourceTree = "<group>"; };
		5AB8D564243B410200387EAE /* TodoTests.xctest */ = {isa = PBXFileReference; explicitFileType = wrapper.cfbundle; includeInIndex = 0; path = TodoTests.xctest; sourceTree = BUILT_PRODUCTS_DIR; };
		5AB8D568243B410200387EAE /* TodoTests.swift */ = {isa = PBXFileReference; lastKnownFileType = sourcecode.swift; path = TodoTests.swift; sourceTree = "<group>"; };
		5AB8D56A243B410200387EAE /* Info.plist */ = {isa = PBXFileReference; lastKnownFileType = text.plist.xml; path = Info.plist; sourceTree = "<group>"; };
		5AB8D56F243B410200387EAE /* TodoUITests.xctest */ = {isa = PBXFileReference; explicitFileType = wrapper.cfbundle; includeInIndex = 0; path = TodoUITests.xctest; sourceTree = BUILT_PRODUCTS_DIR; };
		5AB8D573243B410200387EAE /* TodoUITests.swift */ = {isa = PBXFileReference; lastKnownFileType = sourcecode.swift; path = TodoUITests.swift; sourceTree = "<group>"; };
		5AB8D575243B410200387EAE /* Info.plist */ = {isa = PBXFileReference; lastKnownFileType = text.plist.xml; path = Info.plist; sourceTree = "<group>"; };
		5AB8D584243B4FC700387EAE /* ColumnViewController.swift */ = {isa = PBXFileReference; lastKnownFileType = sourcecode.swift; path = ColumnViewController.swift; sourceTree = "<group>"; };
		5AB8D586243B54B600387EAE /* AcitivitiyLogViewController.swift */ = {isa = PBXFileReference; lastKnownFileType = sourcecode.swift; path = AcitivitiyLogViewController.swift; sourceTree = "<group>"; };
		5AB8D58C243B5CDC00387EAE /* TitleView.swift */ = {isa = PBXFileReference; lastKnownFileType = sourcecode.swift; path = TitleView.swift; sourceTree = "<group>"; };
		5ACD2EC424441BB6002DD295 /* EditedCardViewModelUseCase.swift */ = {isa = PBXFileReference; lastKnownFileType = sourcecode.swift; path = EditedCardViewModelUseCase.swift; sourceTree = "<group>"; };
		5ADF26B824459E7B008C15CA /* NewCard.swift */ = {isa = PBXFileReference; lastKnownFileType = sourcecode.swift; path = NewCard.swift; sourceTree = "<group>"; };
		5ADF26BA2445DF5B008C15CA /* EndPointFactory.swift */ = {isa = PBXFileReference; lastKnownFileType = sourcecode.swift; path = EndPointFactory.swift; sourceTree = "<group>"; };
		5ADF26BC2445ED02008C15CA /* NewCardViewController.swift */ = {isa = PBXFileReference; lastKnownFileType = sourcecode.swift; path = NewCardViewController.swift; sourceTree = "<group>"; };
		5ADF26BE2445ED11008C15CA /* EditingCardViewController.swift */ = {isa = PBXFileReference; lastKnownFileType = sourcecode.swift; path = EditingCardViewController.swift; sourceTree = "<group>"; };
/* End PBXFileReference section */

/* Begin PBXFrameworksBuildPhase section */
		5AB8D54B243B40FF00387EAE /* Frameworks */ = {
			isa = PBXFrameworksBuildPhase;
			buildActionMask = 2147483647;
			files = (
			);
			runOnlyForDeploymentPostprocessing = 0;
		};
		5AB8D561243B410200387EAE /* Frameworks */ = {
			isa = PBXFrameworksBuildPhase;
			buildActionMask = 2147483647;
			files = (
			);
			runOnlyForDeploymentPostprocessing = 0;
		};
		5AB8D56C243B410200387EAE /* Frameworks */ = {
			isa = PBXFrameworksBuildPhase;
			buildActionMask = 2147483647;
			files = (
			);
			runOnlyForDeploymentPostprocessing = 0;
		};
/* End PBXFrameworksBuildPhase section */

/* Begin PBXGroup section */
		5A11BE4424ADCD1E00EC499E /* Stubs */ = {
			isa = PBXGroup;
			children = (
				5A11BE4524ADCD3400EC499E /* ColumnsSuccessStub.swift */,
				5A11BE4724ADCD5300EC499E /* CardDeleteSuccessStub.swift */,
				5A11BE4924ADCD6E00EC499E /* CardCreateSuccessStub.swift */,
				5A11BE4B24ADCD8A00EC499E /* CardEditSuccessStub.swift */,
				5A11BE4D24ADCD9D00EC499E /* CardMoveSameColumnsSuccessStub.swift */,
				5A11BE4F24ADCDB400EC499E /* CardMoveDifferentColumnsSuccessStub.swift */,
				5A11BE5124ADCDC700EC499E /* LogsSuccessStub.swift */,
				5A11BE5324ADCDF200EC499E /* LogSuccessStub.swift */,
				5A11BE5524ADCE0800EC499E /* LoginSuccessStub.swift */,
			);
			path = Stubs;
			sourceTree = "<group>";
		};
		5A11BE5724ADD03500EC499E /* jsons */ = {
			isa = PBXGroup;
			children = (
				5A11BE5A24ADD0AB00EC499E /* SuccessColumnsResponseData.json */,
				5A11BE5C24ADD0E800EC499E /* SuccessCreateResponseData.json */,
				5A11BE5E24ADD15300EC499E /* SuccessEditingResponseData.json */,
				5A11BE6024ADD17900EC499E /* SuccessDeleteResponseData.json */,
				5A11BE6224ADD1AB00EC499E /* SuccessMoveSameColumnsResponseData.json */,
				5A11BE6424ADD1C500EC499E /* SuccessMoveDifferentColumnsResponseData.json */,
				5A11BE6624ADD1E500EC499E /* SuccessLogsResponseData.json */,
				5A11BE6824ADD20700EC499E /* SuccessLogResponseData.json */,
				5A11BE5824ADD06B00EC499E /* SuccessLoginResponseData.json */,
			);
			path = jsons;
			sourceTree = "<group>";
		};
		5A7937F2243EEFDF00D59611 /* Utils */ = {
			isa = PBXGroup;
			children = (
				5A11BE6A24ADD27700EC499E /* DataExtensions.swift */,
			);
			path = Utils;
			sourceTree = "<group>";
		};
		5A79380324419EAC00D59611 /* MainViewController's */ = {
			isa = PBXGroup;
			children = (
				5A874647243CAB5500FD1751 /* ColumnScrollView.swift */,
				5A79380E2441A08E00D59611 /* ColumnStackView.swift */,
			);
			path = "MainViewController's";
			sourceTree = "<group>";
		};
		5A79380424419ED700D59611 /* ColumnViewController's */ = {
			isa = PBXGroup;
			children = (
				5AB8D58C243B5CDC00387EAE /* TitleView.swift */,
				5A874633243C1D4E00FD1751 /* ColumnTable.swift */,
				5A87463B243C1F2900FD1751 /* CardCell.swift */,
			);
			path = "ColumnViewController's";
			sourceTree = "<group>";
		};
		5A79380524419F0F00D59611 /* CardVIewController's */ = {
			isa = PBXGroup;
			children = (
				5A79380624419F5600D59611 /* FormatImageView.swift */,
				5A79380824419F9400D59611 /* CancelButton.swift */,
				5A79380A2441A02600D59611 /* TitleField.swift */,
				5A79380C2441A05100D59611 /* ContentView.swift */,
				5A7938122441ADBA00D59611 /* CreateButton.swift */,
			);
			path = "CardVIewController's";
			sourceTree = "<group>";
		};
		5A7938172441B18A00D59611 /* ColumnViewController's */ = {
			isa = PBXGroup;
			children = (
				5A838E5B243DEBAE0081A42F /* TitleViewModel.swift */,
				5A838E61243DFD0E0081A42F /* CardViewModel.swift */,
			);
			path = "ColumnViewController's";
			sourceTree = "<group>";
		};
		5A7938232441BB9900D59611 /* Controller */ = {
			isa = PBXGroup;
			children = (
				5A7938242441BBAA00D59611 /* Controller.swift */,
			);
			path = Controller;
			sourceTree = "<group>";
		};
		5A7CEB182448204200B2CFC7 /* ActivityLogViewController's */ = {
			isa = PBXGroup;
			children = (
				5A7CEB192448206C00B2CFC7 /* LogViewModel.swift */,
				5A7CEB2824493D4B00B2CFC7 /* LogViewModels.swift */,
			);
			path = "ActivityLogViewController's";
			sourceTree = "<group>";
		};
		5A7CEB1D24483A8800B2CFC7 /* AcitivityLogViewController's */ = {
			isa = PBXGroup;
			children = (
				5A7CEB1E24483AAB00B2CFC7 /* LogCell.swift */,
			);
			path = "AcitivityLogViewController's";
			sourceTree = "<group>";
		};
		5A838E4C243D66460081A42F /* Network */ = {
			isa = PBXGroup;
			children = (
				5A11BE5724ADD03500EC499E /* jsons */,
				5A11BE4424ADCD1E00EC499E /* Stubs */,
				5A838E4D243D66620081A42F /* NetworkManager.swift */,
			);
			path = Network;
			sourceTree = "<group>";
		};
		5A838E4F243D9CE80081A42F /* Coder */ = {
			isa = PBXGroup;
			children = (
				5A7A55B9244731930041FC55 /* LoginUseCase.swift */,
				5A838E50243D9D0A0081A42F /* ColumnsUseCase.swift */,
				5A7CEB3024497C5900B2CFC7 /* ColumnUseCase.swift */,
				5A7937F5243F194A00D59611 /* DeleteUseCase.swift */,
				5A7CEB2E244956D300B2CFC7 /* MoveUseCase.swift */,
				5A7CEB142448137800B2CFC7 /* LogsUseCase.swift */,
				5A7CEB242449352700B2CFC7 /* LogUseCase.swift */,
				5A7937FF2441319F00D59611 /* NewCardViewModelUseCase.swift */,
				5ACD2EC424441BB6002DD295 /* EditedCardViewModelUseCase.swift */,
				5ADF26BA2445DF5B008C15CA /* EndPointFactory.swift */,
			);
			path = Coder;
			sourceTree = "<group>";
		};
		5A838E5A243DEB950081A42F /* ViewModels */ = {
			isa = PBXGroup;
			children = (
				5A7938172441B18A00D59611 /* ColumnViewController's */,
				5A7CEB182448204200B2CFC7 /* ActivityLogViewController's */,
				5A838E63243DFD530081A42F /* ViewModelBinding.swift */,
			);
			path = ViewModels;
			sourceTree = "<group>";
		};
		5A87463D243C2C6600FD1751 /* Models */ = {
			isa = PBXGroup;
			children = (
				5A87463E243C2C8C00FD1751 /* ColumnTableDataSource.swift */,
				5A7937F0243ED9FC00D59611 /* Columns.swift */,
				5A7937F9243F1B1200D59611 /* Status.swift */,
				5A838E53243DB4110081A42F /* ColumnsResponse.swift */,
				5A7CEB2C2449559E00B2CFC7 /* MoveResponse.swift */,
				5A7A55B72447246A0041FC55 /* LogsResponse.swift */,
				5A7CEB262449371300B2CFC7 /* LogResponse.swift */,
				5A7937F7243F1AFA00D59611 /* CardResponse.swift */,
				5A7A55BB244732E30041FC55 /* LoginResponse.swift */,
				5A838E5D243DF0470081A42F /* TitleModel.swift */,
				5ADF26B824459E7B008C15CA /* NewCard.swift */,
				5A7A55B5244701A10041FC55 /* DragObject.swift */,
				5A7CEB222449307600B2CFC7 /* LogID.swift */,
			);
			path = Models;
			sourceTree = "<group>";
		};
		5A874644243C4C3900FD1751 /* Delegates */ = {
			isa = PBXGroup;
			children = (
				5AB8D551243B40FF00387EAE /* AppDelegate.swift */,
				5AB8D553243B40FF00387EAE /* SceneDelegate.swift */,
				5A7938212441B84200D59611 /* TitleFieldDelegate.swift */,
				5A79381F2441B60D00D59611 /* ContentViewDelegate.swift */,
				5A7CEB2024483CFA00B2CFC7 /* Notification.swift */,
			);
			path = Delegates;
			sourceTree = "<group>";
		};
		5AB8D545243B40FF00387EAE = {
			isa = PBXGroup;
			children = (
				5AB8D550243B40FF00387EAE /* Todo */,
				5AB8D567243B410200387EAE /* TodoTests */,
				5AB8D572243B410200387EAE /* TodoUITests */,
				5AB8D54F243B40FF00387EAE /* Products */,
			);
			sourceTree = "<group>";
		};
		5AB8D54F243B40FF00387EAE /* Products */ = {
			isa = PBXGroup;
			children = (
				5AB8D54E243B40FF00387EAE /* Todo.app */,
				5AB8D564243B410200387EAE /* TodoTests.xctest */,
				5AB8D56F243B410200387EAE /* TodoUITests.xctest */,
			);
			name = Products;
			sourceTree = "<group>";
		};
		5AB8D550243B40FF00387EAE /* Todo */ = {
			isa = PBXGroup;
			children = (
				5A7938232441BB9900D59611 /* Controller */,
				5A7937F2243EEFDF00D59611 /* Utils */,
				5A838E4F243D9CE80081A42F /* Coder */,
				5A838E4C243D66460081A42F /* Network */,
				5A874644243C4C3900FD1751 /* Delegates */,
				5A87463D243C2C6600FD1751 /* Models */,
				5A838E5A243DEB950081A42F /* ViewModels */,
				5AB8D58B243B5CBF00387EAE /* Views */,
				5AB8D581243B4A5200387EAE /* ViewControllers */,
				5AB8D557243B40FF00387EAE /* Main.storyboard */,
				5AB8D55A243B410200387EAE /* Assets.xcassets */,
				5AB8D55C243B410200387EAE /* LaunchScreen.storyboard */,
				5AB8D55F243B410200387EAE /* Info.plist */,
			);
			path = Todo;
			sourceTree = "<group>";
		};
		5AB8D567243B410200387EAE /* TodoTests */ = {
			isa = PBXGroup;
			children = (
				5AB8D568243B410200387EAE /* TodoTests.swift */,
				5AB8D56A243B410200387EAE /* Info.plist */,
			);
			path = TodoTests;
			sourceTree = "<group>";
		};
		5AB8D572243B410200387EAE /* TodoUITests */ = {
			isa = PBXGroup;
			children = (
				5AB8D573243B410200387EAE /* TodoUITests.swift */,
				5AB8D575243B410200387EAE /* Info.plist */,
			);
			path = TodoUITests;
			sourceTree = "<group>";
		};
		5AB8D581243B4A5200387EAE /* ViewControllers */ = {
			isa = PBXGroup;
			children = (
				5AB8D555243B40FF00387EAE /* MainViewController.swift */,
				5AB8D584243B4FC700387EAE /* ColumnViewController.swift */,
				5AB8D586243B54B600387EAE /* AcitivitiyLogViewController.swift */,
				5A7CEB3224497E4200B2CFC7 /* NewColumnViewController.swift */,
				5A7937FD2440150700D59611 /* CardViewController.swift */,
				5ADF26BC2445ED02008C15CA /* NewCardViewController.swift */,
				5ADF26BE2445ED11008C15CA /* EditingCardViewController.swift */,
			);
			path = ViewControllers;
			sourceTree = "<group>";
		};
		5AB8D58B243B5CBF00387EAE /* Views */ = {
			isa = PBXGroup;
			children = (
				5A874640243C2D3300FD1751 /* ReusableView.swift */,
				5A7CEB1D24483A8800B2CFC7 /* AcitivityLogViewController's */,
				5A79380324419EAC00D59611 /* MainViewController's */,
				5A79380524419F0F00D59611 /* CardVIewController's */,
				5A79380424419ED700D59611 /* ColumnViewController's */,
			);
			path = Views;
			sourceTree = "<group>";
		};
/* End PBXGroup section */

/* Begin PBXNativeTarget section */
		5AB8D54D243B40FF00387EAE /* Todo */ = {
			isa = PBXNativeTarget;
			buildConfigurationList = 5AB8D578243B410200387EAE /* Build configuration list for PBXNativeTarget "Todo" */;
			buildPhases = (
				5AB8D54A243B40FF00387EAE /* Sources */,
				5AB8D54B243B40FF00387EAE /* Frameworks */,
				5AB8D54C243B40FF00387EAE /* Resources */,
			);
			buildRules = (
			);
			dependencies = (
			);
			name = Todo;
			productName = Todo;
			productReference = 5AB8D54E243B40FF00387EAE /* Todo.app */;
			productType = "com.apple.product-type.application";
		};
		5AB8D563243B410200387EAE /* TodoTests */ = {
			isa = PBXNativeTarget;
			buildConfigurationList = 5AB8D57B243B410200387EAE /* Build configuration list for PBXNativeTarget "TodoTests" */;
			buildPhases = (
				5AB8D560243B410200387EAE /* Sources */,
				5AB8D561243B410200387EAE /* Frameworks */,
				5AB8D562243B410200387EAE /* Resources */,
			);
			buildRules = (
			);
			dependencies = (
				5AB8D566243B410200387EAE /* PBXTargetDependency */,
			);
			name = TodoTests;
			productName = TodoTests;
			productReference = 5AB8D564243B410200387EAE /* TodoTests.xctest */;
			productType = "com.apple.product-type.bundle.unit-test";
		};
		5AB8D56E243B410200387EAE /* TodoUITests */ = {
			isa = PBXNativeTarget;
			buildConfigurationList = 5AB8D57E243B410200387EAE /* Build configuration list for PBXNativeTarget "TodoUITests" */;
			buildPhases = (
				5AB8D56B243B410200387EAE /* Sources */,
				5AB8D56C243B410200387EAE /* Frameworks */,
				5AB8D56D243B410200387EAE /* Resources */,
			);
			buildRules = (
			);
			dependencies = (
				5AB8D571243B410200387EAE /* PBXTargetDependency */,
			);
			name = TodoUITests;
			productName = TodoUITests;
			productReference = 5AB8D56F243B410200387EAE /* TodoUITests.xctest */;
			productType = "com.apple.product-type.bundle.ui-testing";
		};
/* End PBXNativeTarget section */

/* Begin PBXProject section */
		5AB8D546243B40FF00387EAE /* Project object */ = {
			isa = PBXProject;
			attributes = {
				LastSwiftUpdateCheck = 1130;
				LastUpgradeCheck = 1130;
				ORGANIZATIONNAME = Jason;
				TargetAttributes = {
					5AB8D54D243B40FF00387EAE = {
						CreatedOnToolsVersion = 11.3.1;
					};
					5AB8D563243B410200387EAE = {
						CreatedOnToolsVersion = 11.3.1;
						TestTargetID = 5AB8D54D243B40FF00387EAE;
					};
					5AB8D56E243B410200387EAE = {
						CreatedOnToolsVersion = 11.3.1;
						TestTargetID = 5AB8D54D243B40FF00387EAE;
					};
				};
			};
			buildConfigurationList = 5AB8D549243B40FF00387EAE /* Build configuration list for PBXProject "Todo" */;
			compatibilityVersion = "Xcode 9.3";
			developmentRegion = en;
			hasScannedForEncodings = 0;
			knownRegions = (
				en,
				Base,
			);
			mainGroup = 5AB8D545243B40FF00387EAE;
			productRefGroup = 5AB8D54F243B40FF00387EAE /* Products */;
			projectDirPath = "";
			projectRoot = "";
			targets = (
				5AB8D54D243B40FF00387EAE /* Todo */,
				5AB8D563243B410200387EAE /* TodoTests */,
				5AB8D56E243B410200387EAE /* TodoUITests */,
			);
		};
/* End PBXProject section */

/* Begin PBXResourcesBuildPhase section */
		5AB8D54C243B40FF00387EAE /* Resources */ = {
			isa = PBXResourcesBuildPhase;
			buildActionMask = 2147483647;
			files = (
				5A11BE5924ADD06B00EC499E /* SuccessLoginResponseData.json in Resources */,
				5AB8D55E243B410200387EAE /* LaunchScreen.storyboard in Resources */,
				5AB8D55B243B410200387EAE /* Assets.xcassets in Resources */,
				5A11BE6924ADD20700EC499E /* SuccessLogResponseData.json in Resources */,
				5A11BE6324ADD1AB00EC499E /* SuccessMoveSameColumnsResponseData.json in Resources */,
				5A11BE6124ADD17900EC499E /* SuccessDeleteResponseData.json in Resources */,
				5A11BE6724ADD1E500EC499E /* SuccessLogsResponseData.json in Resources */,
				5AB8D559243B40FF00387EAE /* Main.storyboard in Resources */,
				5A11BE5D24ADD0E800EC499E /* SuccessCreateResponseData.json in Resources */,
				5A11BE6524ADD1C500EC499E /* SuccessMoveDifferentColumnsResponseData.json in Resources */,
				5A11BE5F24ADD15300EC499E /* SuccessEditingResponseData.json in Resources */,
				5A11BE5B24ADD0AB00EC499E /* SuccessColumnsResponseData.json in Resources */,
			);
			runOnlyForDeploymentPostprocessing = 0;
		};
		5AB8D562243B410200387EAE /* Resources */ = {
			isa = PBXResourcesBuildPhase;
			buildActionMask = 2147483647;
			files = (
			);
			runOnlyForDeploymentPostprocessing = 0;
		};
		5AB8D56D243B410200387EAE /* Resources */ = {
			isa = PBXResourcesBuildPhase;
			buildActionMask = 2147483647;
			files = (
			);
			runOnlyForDeploymentPostprocessing = 0;
		};
/* End PBXResourcesBuildPhase section */

/* Begin PBXSourcesBuildPhase section */
		5AB8D54A243B40FF00387EAE /* Sources */ = {
			isa = PBXSourcesBuildPhase;
			buildActionMask = 2147483647;
			files = (
				5A7938222441B84200D59611 /* TitleFieldDelegate.swift in Sources */,
				5ADF26BD2445ED02008C15CA /* NewCardViewController.swift in Sources */,
				5A7938202441B60D00D59611 /* ContentViewDelegate.swift in Sources */,
				5A7937FA243F1B1200D59611 /* Status.swift in Sources */,
				5A87463F243C2C8C00FD1751 /* ColumnTableDataSource.swift in Sources */,
				5A7938002441319F00D59611 /* NewCardViewModelUseCase.swift in Sources */,
				5A874634243C1D4E00FD1751 /* ColumnTable.swift in Sources */,
				5A11BE5424ADCDF200EC499E /* LogSuccessStub.swift in Sources */,
				5A874641243C2D3300FD1751 /* ReusableView.swift in Sources */,
				5A838E4E243D66620081A42F /* NetworkManager.swift in Sources */,
				5A7A55B82447246A0041FC55 /* LogsResponse.swift in Sources */,
				5A79380B2441A02600D59611 /* TitleField.swift in Sources */,
				5A7CEB2124483CFB00B2CFC7 /* Notification.swift in Sources */,
				5A11BE5624ADCE0800EC499E /* LoginSuccessStub.swift in Sources */,
				5A838E62243DFD0E0081A42F /* CardViewModel.swift in Sources */,
				5A838E54243DB4110081A42F /* ColumnsResponse.swift in Sources */,
				5AB8D556243B40FF00387EAE /* MainViewController.swift in Sources */,
				5ADF26BF2445ED11008C15CA /* EditingCardViewController.swift in Sources */,
				5A7A55BA244731940041FC55 /* LoginUseCase.swift in Sources */,
				5A79380D2441A05100D59611 /* ContentView.swift in Sources */,
				5AB8D552243B40FF00387EAE /* AppDelegate.swift in Sources */,
				5A79380724419F5600D59611 /* FormatImageView.swift in Sources */,
				5A11BE6B24ADD27700EC499E /* DataExtensions.swift in Sources */,
				5ADF26BB2445DF5B008C15CA /* EndPointFactory.swift in Sources */,
				5A7CEB2D2449559E00B2CFC7 /* MoveResponse.swift in Sources */,
				5A7CEB3324497E4200B2CFC7 /* NewColumnViewController.swift in Sources */,
				5A7937FE2440150700D59611 /* CardViewController.swift in Sources */,
				5A79380F2441A08E00D59611 /* ColumnStackView.swift in Sources */,
				5A11BE4824ADCD5300EC499E /* CardDeleteSuccessStub.swift in Sources */,
				5A7CEB152448137800B2CFC7 /* LogsUseCase.swift in Sources */,
				5ADF26B924459E7B008C15CA /* NewCard.swift in Sources */,
				5A11BE4E24ADCD9D00EC499E /* CardMoveSameColumnsSuccessStub.swift in Sources */,
				5A7CEB1F24483AAB00B2CFC7 /* LogCell.swift in Sources */,
				5A87463C243C1F2900FD1751 /* CardCell.swift in Sources */,
				5A11BE5024ADCDB400EC499E /* CardMoveDifferentColumnsSuccessStub.swift in Sources */,
				5A838E5C243DEBAE0081A42F /* TitleViewModel.swift in Sources */,
				5A838E51243D9D0A0081A42F /* ColumnsUseCase.swift in Sources */,
				5ACD2EC524441BB6002DD295 /* EditedCardViewModelUseCase.swift in Sources */,
				5A11BE4C24ADCD8A00EC499E /* CardEditSuccessStub.swift in Sources */,
				5A7937F8243F1AFA00D59611 /* CardResponse.swift in Sources */,
				5A7938132441ADBA00D59611 /* CreateButton.swift in Sources */,
				5A7937F6243F194A00D59611 /* DeleteUseCase.swift in Sources */,
				5A7CEB2F244956D300B2CFC7 /* MoveUseCase.swift in Sources */,
				5A7CEB232449307600B2CFC7 /* LogID.swift in Sources */,
				5A874648243CAB5500FD1751 /* ColumnScrollView.swift in Sources */,
				5A7937F1243ED9FC00D59611 /* Columns.swift in Sources */,
				5A11BE4A24ADCD6E00EC499E /* CardCreateSuccessStub.swift in Sources */,
				5A7CEB272449371300B2CFC7 /* LogResponse.swift in Sources */,
				5A838E64243DFD530081A42F /* ViewModelBinding.swift in Sources */,
				5A79380924419F9400D59611 /* CancelButton.swift in Sources */,
				5A11BE5224ADCDC700EC499E /* LogsSuccessStub.swift in Sources */,
				5AB8D587243B54B600387EAE /* AcitivitiyLogViewController.swift in Sources */,
				5A7938252441BBAA00D59611 /* Controller.swift in Sources */,
				5A7CEB2924493D4B00B2CFC7 /* LogViewModels.swift in Sources */,
				5A7CEB252449352700B2CFC7 /* LogUseCase.swift in Sources */,
				5A838E5E243DF0470081A42F /* TitleModel.swift in Sources */,
				5A7A55B6244701A10041FC55 /* DragObject.swift in Sources */,
				5AB8D585243B4FC700387EAE /* ColumnViewController.swift in Sources */,
				5AB8D554243B40FF00387EAE /* SceneDelegate.swift in Sources */,
				5A11BE4624ADCD3400EC499E /* ColumnsSuccessStub.swift in Sources */,
				5A7CEB3124497C5900B2CFC7 /* ColumnUseCase.swift in Sources */,
				5A7CEB1A2448206C00B2CFC7 /* LogViewModel.swift in Sources */,
				5A7A55BC244732E30041FC55 /* LoginResponse.swift in Sources */,
				5AB8D58D243B5CDC00387EAE /* TitleView.swift in Sources */,
			);
			runOnlyForDeploymentPostprocessing = 0;
		};
		5AB8D560243B410200387EAE /* Sources */ = {
			isa = PBXSourcesBuildPhase;
			buildActionMask = 2147483647;
			files = (
				5AB8D569243B410200387EAE /* TodoTests.swift in Sources */,
			);
			runOnlyForDeploymentPostprocessing = 0;
		};
		5AB8D56B243B410200387EAE /* Sources */ = {
			isa = PBXSourcesBuildPhase;
			buildActionMask = 2147483647;
			files = (
				5AB8D574243B410200387EAE /* TodoUITests.swift in Sources */,
			);
			runOnlyForDeploymentPostprocessing = 0;
		};
/* End PBXSourcesBuildPhase section */

/* Begin PBXTargetDependency section */
		5AB8D566243B410200387EAE /* PBXTargetDependency */ = {
			isa = PBXTargetDependency;
			target = 5AB8D54D243B40FF00387EAE /* Todo */;
			targetProxy = 5AB8D565243B410200387EAE /* PBXContainerItemProxy */;
		};
		5AB8D571243B410200387EAE /* PBXTargetDependency */ = {
			isa = PBXTargetDependency;
			target = 5AB8D54D243B40FF00387EAE /* Todo */;
			targetProxy = 5AB8D570243B410200387EAE /* PBXContainerItemProxy */;
		};
/* End PBXTargetDependency section */

/* Begin PBXVariantGroup section */
		5AB8D557243B40FF00387EAE /* Main.storyboard */ = {
			isa = PBXVariantGroup;
			children = (
				5AB8D558243B40FF00387EAE /* Base */,
			);
			name = Main.storyboard;
			sourceTree = "<group>";
		};
		5AB8D55C243B410200387EAE /* LaunchScreen.storyboard */ = {
			isa = PBXVariantGroup;
			children = (
				5AB8D55D243B410200387EAE /* Base */,
			);
			name = LaunchScreen.storyboard;
			sourceTree = "<group>";
		};
/* End PBXVariantGroup section */

/* Begin XCBuildConfiguration section */
		5AB8D576243B410200387EAE /* Debug */ = {
			isa = XCBuildConfiguration;
			buildSettings = {
				ALWAYS_SEARCH_USER_PATHS = NO;
				CLANG_ANALYZER_NONNULL = YES;
				CLANG_ANALYZER_NUMBER_OBJECT_CONVERSION = YES_AGGRESSIVE;
				CLANG_CXX_LANGUAGE_STANDARD = "gnu++14";
				CLANG_CXX_LIBRARY = "libc++";
				CLANG_ENABLE_MODULES = YES;
				CLANG_ENABLE_OBJC_ARC = YES;
				CLANG_ENABLE_OBJC_WEAK = YES;
				CLANG_WARN_BLOCK_CAPTURE_AUTORELEASING = YES;
				CLANG_WARN_BOOL_CONVERSION = YES;
				CLANG_WARN_COMMA = YES;
				CLANG_WARN_CONSTANT_CONVERSION = YES;
				CLANG_WARN_DEPRECATED_OBJC_IMPLEMENTATIONS = YES;
				CLANG_WARN_DIRECT_OBJC_ISA_USAGE = YES_ERROR;
				CLANG_WARN_DOCUMENTATION_COMMENTS = YES;
				CLANG_WARN_EMPTY_BODY = YES;
				CLANG_WARN_ENUM_CONVERSION = YES;
				CLANG_WARN_INFINITE_RECURSION = YES;
				CLANG_WARN_INT_CONVERSION = YES;
				CLANG_WARN_NON_LITERAL_NULL_CONVERSION = YES;
				CLANG_WARN_OBJC_IMPLICIT_RETAIN_SELF = YES;
				CLANG_WARN_OBJC_LITERAL_CONVERSION = YES;
				CLANG_WARN_OBJC_ROOT_CLASS = YES_ERROR;
				CLANG_WARN_RANGE_LOOP_ANALYSIS = YES;
				CLANG_WARN_STRICT_PROTOTYPES = YES;
				CLANG_WARN_SUSPICIOUS_MOVE = YES;
				CLANG_WARN_UNGUARDED_AVAILABILITY = YES_AGGRESSIVE;
				CLANG_WARN_UNREACHABLE_CODE = YES;
				CLANG_WARN__DUPLICATE_METHOD_MATCH = YES;
				COPY_PHASE_STRIP = NO;
				DEBUG_INFORMATION_FORMAT = dwarf;
				ENABLE_STRICT_OBJC_MSGSEND = YES;
				ENABLE_TESTABILITY = YES;
				GCC_C_LANGUAGE_STANDARD = gnu11;
				GCC_DYNAMIC_NO_PIC = NO;
				GCC_NO_COMMON_BLOCKS = YES;
				GCC_OPTIMIZATION_LEVEL = 0;
				GCC_PREPROCESSOR_DEFINITIONS = (
					"DEBUG=1",
					"$(inherited)",
				);
				GCC_WARN_64_TO_32_BIT_CONVERSION = YES;
				GCC_WARN_ABOUT_RETURN_TYPE = YES_ERROR;
				GCC_WARN_UNDECLARED_SELECTOR = YES;
				GCC_WARN_UNINITIALIZED_AUTOS = YES_AGGRESSIVE;
				GCC_WARN_UNUSED_FUNCTION = YES;
				GCC_WARN_UNUSED_VARIABLE = YES;
				IPHONEOS_DEPLOYMENT_TARGET = 13.5;
				MTL_ENABLE_DEBUG_INFO = INCLUDE_SOURCE;
				MTL_FAST_MATH = YES;
				ONLY_ACTIVE_ARCH = YES;
				SDKROOT = iphoneos;
				SWIFT_ACTIVE_COMPILATION_CONDITIONS = DEBUG;
				SWIFT_OPTIMIZATION_LEVEL = "-Onone";
			};
			name = Debug;
		};
		5AB8D577243B410200387EAE /* Release */ = {
			isa = XCBuildConfiguration;
			buildSettings = {
				ALWAYS_SEARCH_USER_PATHS = NO;
				CLANG_ANALYZER_NONNULL = YES;
				CLANG_ANALYZER_NUMBER_OBJECT_CONVERSION = YES_AGGRESSIVE;
				CLANG_CXX_LANGUAGE_STANDARD = "gnu++14";
				CLANG_CXX_LIBRARY = "libc++";
				CLANG_ENABLE_MODULES = YES;
				CLANG_ENABLE_OBJC_ARC = YES;
				CLANG_ENABLE_OBJC_WEAK = YES;
				CLANG_WARN_BLOCK_CAPTURE_AUTORELEASING = YES;
				CLANG_WARN_BOOL_CONVERSION = YES;
				CLANG_WARN_COMMA = YES;
				CLANG_WARN_CONSTANT_CONVERSION = YES;
				CLANG_WARN_DEPRECATED_OBJC_IMPLEMENTATIONS = YES;
				CLANG_WARN_DIRECT_OBJC_ISA_USAGE = YES_ERROR;
				CLANG_WARN_DOCUMENTATION_COMMENTS = YES;
				CLANG_WARN_EMPTY_BODY = YES;
				CLANG_WARN_ENUM_CONVERSION = YES;
				CLANG_WARN_INFINITE_RECURSION = YES;
				CLANG_WARN_INT_CONVERSION = YES;
				CLANG_WARN_NON_LITERAL_NULL_CONVERSION = YES;
				CLANG_WARN_OBJC_IMPLICIT_RETAIN_SELF = YES;
				CLANG_WARN_OBJC_LITERAL_CONVERSION = YES;
				CLANG_WARN_OBJC_ROOT_CLASS = YES_ERROR;
				CLANG_WARN_RANGE_LOOP_ANALYSIS = YES;
				CLANG_WARN_STRICT_PROTOTYPES = YES;
				CLANG_WARN_SUSPICIOUS_MOVE = YES;
				CLANG_WARN_UNGUARDED_AVAILABILITY = YES_AGGRESSIVE;
				CLANG_WARN_UNREACHABLE_CODE = YES;
				CLANG_WARN__DUPLICATE_METHOD_MATCH = YES;
				COPY_PHASE_STRIP = NO;
				DEBUG_INFORMATION_FORMAT = "dwarf-with-dsym";
				ENABLE_NS_ASSERTIONS = NO;
				ENABLE_STRICT_OBJC_MSGSEND = YES;
				GCC_C_LANGUAGE_STANDARD = gnu11;
				GCC_NO_COMMON_BLOCKS = YES;
				GCC_WARN_64_TO_32_BIT_CONVERSION = YES;
				GCC_WARN_ABOUT_RETURN_TYPE = YES_ERROR;
				GCC_WARN_UNDECLARED_SELECTOR = YES;
				GCC_WARN_UNINITIALIZED_AUTOS = YES_AGGRESSIVE;
				GCC_WARN_UNUSED_FUNCTION = YES;
				GCC_WARN_UNUSED_VARIABLE = YES;
				IPHONEOS_DEPLOYMENT_TARGET = 13.5;
				MTL_ENABLE_DEBUG_INFO = NO;
				MTL_FAST_MATH = YES;
				SDKROOT = iphoneos;
				SWIFT_COMPILATION_MODE = wholemodule;
				SWIFT_OPTIMIZATION_LEVEL = "-O";
				VALIDATE_PRODUCT = YES;
			};
			name = Release;
		};
		5AB8D579243B410200387EAE /* Debug */ = {
			isa = XCBuildConfiguration;
			buildSettings = {
				ASSETCATALOG_COMPILER_APPICON_NAME = AppIcon;
				CODE_SIGN_STYLE = Automatic;
				DEVELOPMENT_TEAM = NXRYTWY76F;
				INFOPLIST_FILE = Todo/Info.plist;
				LD_RUNPATH_SEARCH_PATHS = (
					"$(inherited)",
					"@executable_path/Frameworks",
				);
				PRODUCT_BUNDLE_IDENTIFIER = kr.codesquad.Todo;
				PRODUCT_NAME = "$(TARGET_NAME)";
				SWIFT_VERSION = 5.0;
				TARGETED_DEVICE_FAMILY = "1,2";
			};
			name = Debug;
		};
		5AB8D57A243B410200387EAE /* Release */ = {
			isa = XCBuildConfiguration;
			buildSettings = {
				ASSETCATALOG_COMPILER_APPICON_NAME = AppIcon;
				CODE_SIGN_STYLE = Automatic;
				DEVELOPMENT_TEAM = NXRYTWY76F;
				INFOPLIST_FILE = Todo/Info.plist;
				LD_RUNPATH_SEARCH_PATHS = (
					"$(inherited)",
					"@executable_path/Frameworks",
				);
				PRODUCT_BUNDLE_IDENTIFIER = kr.codesquad.Todo;
				PRODUCT_NAME = "$(TARGET_NAME)";
				SWIFT_VERSION = 5.0;
				TARGETED_DEVICE_FAMILY = "1,2";
			};
			name = Release;
		};
		5AB8D57C243B410200387EAE /* Debug */ = {
			isa = XCBuildConfiguration;
			buildSettings = {
				ALWAYS_EMBED_SWIFT_STANDARD_LIBRARIES = YES;
				BUNDLE_LOADER = "$(TEST_HOST)";
				CODE_SIGN_STYLE = Automatic;
				DEVELOPMENT_TEAM = NXRYTWY76F;
				INFOPLIST_FILE = TodoTests/Info.plist;
				IPHONEOS_DEPLOYMENT_TARGET = 13.2;
				LD_RUNPATH_SEARCH_PATHS = (
					"$(inherited)",
					"@executable_path/Frameworks",
					"@loader_path/Frameworks",
				);
				PRODUCT_BUNDLE_IDENTIFIER = kr.codesquad.TodoTests;
				PRODUCT_NAME = "$(TARGET_NAME)";
				SWIFT_VERSION = 5.0;
				TARGETED_DEVICE_FAMILY = "1,2";
				TEST_HOST = "$(BUILT_PRODUCTS_DIR)/Todo.app/Todo";
			};
			name = Debug;
		};
		5AB8D57D243B410200387EAE /* Release */ = {
			isa = XCBuildConfiguration;
			buildSettings = {
				ALWAYS_EMBED_SWIFT_STANDARD_LIBRARIES = YES;
				BUNDLE_LOADER = "$(TEST_HOST)";
				CODE_SIGN_STYLE = Automatic;
				DEVELOPMENT_TEAM = NXRYTWY76F;
				INFOPLIST_FILE = TodoTests/Info.plist;
				IPHONEOS_DEPLOYMENT_TARGET = 13.2;
				LD_RUNPATH_SEARCH_PATHS = (
					"$(inherited)",
					"@executable_path/Frameworks",
					"@loader_path/Frameworks",
				);
				PRODUCT_BUNDLE_IDENTIFIER = kr.codesquad.TodoTests;
				PRODUCT_NAME = "$(TARGET_NAME)";
				SWIFT_VERSION = 5.0;
				TARGETED_DEVICE_FAMILY = "1,2";
				TEST_HOST = "$(BUILT_PRODUCTS_DIR)/Todo.app/Todo";
			};
			name = Release;
		};
		5AB8D57F243B410200387EAE /* Debug */ = {
			isa = XCBuildConfiguration;
			buildSettings = {
				ALWAYS_EMBED_SWIFT_STANDARD_LIBRARIES = YES;
				CODE_SIGN_STYLE = Automatic;
				DEVELOPMENT_TEAM = NXRYTWY76F;
				INFOPLIST_FILE = TodoUITests/Info.plist;
				LD_RUNPATH_SEARCH_PATHS = (
					"$(inherited)",
					"@executable_path/Frameworks",
					"@loader_path/Frameworks",
				);
				PRODUCT_BUNDLE_IDENTIFIER = kr.codesquad.TodoUITests;
				PRODUCT_NAME = "$(TARGET_NAME)";
				SWIFT_VERSION = 5.0;
				TARGETED_DEVICE_FAMILY = "1,2";
				TEST_TARGET_NAME = Todo;
			};
			name = Debug;
		};
		5AB8D580243B410200387EAE /* Release */ = {
			isa = XCBuildConfiguration;
			buildSettings = {
				ALWAYS_EMBED_SWIFT_STANDARD_LIBRARIES = YES;
				CODE_SIGN_STYLE = Automatic;
				DEVELOPMENT_TEAM = NXRYTWY76F;
				INFOPLIST_FILE = TodoUITests/Info.plist;
				LD_RUNPATH_SEARCH_PATHS = (
					"$(inherited)",
					"@executable_path/Frameworks",
					"@loader_path/Frameworks",
				);
				PRODUCT_BUNDLE_IDENTIFIER = kr.codesquad.TodoUITests;
				PRODUCT_NAME = "$(TARGET_NAME)";
				SWIFT_VERSION = 5.0;
				TARGETED_DEVICE_FAMILY = "1,2";
				TEST_TARGET_NAME = Todo;
			};
			name = Release;
		};
/* End XCBuildConfiguration section */

/* Begin XCConfigurationList section */
		5AB8D549243B40FF00387EAE /* Build configuration list for PBXProject "Todo" */ = {
			isa = XCConfigurationList;
			buildConfigurations = (
				5AB8D576243B410200387EAE /* Debug */,
				5AB8D577243B410200387EAE /* Release */,
			);
			defaultConfigurationIsVisible = 0;
			defaultConfigurationName = Release;
		};
		5AB8D578243B410200387EAE /* Build configuration list for PBXNativeTarget "Todo" */ = {
			isa = XCConfigurationList;
			buildConfigurations = (
				5AB8D579243B410200387EAE /* Debug */,
				5AB8D57A243B410200387EAE /* Release */,
			);
			defaultConfigurationIsVisible = 0;
			defaultConfigurationName = Release;
		};
		5AB8D57B243B410200387EAE /* Build configuration list for PBXNativeTarget "TodoTests" */ = {
			isa = XCConfigurationList;
			buildConfigurations = (
				5AB8D57C243B410200387EAE /* Debug */,
				5AB8D57D243B410200387EAE /* Release */,
			);
			defaultConfigurationIsVisible = 0;
			defaultConfigurationName = Release;
		};
		5AB8D57E243B410200387EAE /* Build configuration list for PBXNativeTarget "TodoUITests" */ = {
			isa = XCConfigurationList;
			buildConfigurations = (
				5AB8D57F243B410200387EAE /* Debug */,
				5AB8D580243B410200387EAE /* Release */,
			);
			defaultConfigurationIsVisible = 0;
			defaultConfigurationName = Release;
		};
/* End XCConfigurationList section */
	};
	rootObject = 5AB8D546243B40FF00387EAE /* Project object */;
}
